{
  "name": "backend",
  "version": "1.0.0",
  "lockfileVersion": 1,
  "requires": true,
  "dependencies": {
    "leaflet.fullscreen": {
      "version": "1.6.0",
      "resolved": "https://registry.npmjs.org/leaflet.fullscreen/-/leaflet.fullscreen-1.6.0.tgz",
      "integrity": "sha512-Mr6STMeyKSfJ1CsKFcPZOm425LOe0c/6EHh0AK93GiTvteTAMFmO/oFDNe+0p1mk4+8yeGLcYgaXTSzPveEGhA=="
    }
  }
}
